// !$*UTF8*$!
{
	archiveVersion = 1;
	classes = {
	};
	objectVersion = 56;
	objects = {

/* Begin PBXBuildFile section */
		0B2288B42BE4471500069401 /* KZFileWatchers in Frameworks */ = {isa = PBXBuildFile; productRef = 0B2288B32BE4471500069401 /* KZFileWatchers */; };
		0BA2E6122BE7E92E00207333 /* PlayerStatsBannerView.swift in Sources */ = {isa = PBXBuildFile; fileRef = 0BA2E6112BE7E92E00207333 /* PlayerStatsBannerView.swift */; };
		0BA2E6142BE7ECCB00207333 /* PlayerStatCard.swift in Sources */ = {isa = PBXBuildFile; fileRef = 0BA2E6132BE7ECCB00207333 /* PlayerStatCard.swift */; };
		0BEC82D02BE2B9040023EEB3 /* ChessApp.swift in Sources */ = {isa = PBXBuildFile; fileRef = 0BEC82CF2BE2B9040023EEB3 /* ChessApp.swift */; };
		0BEC82D22BE2B9040023EEB3 /* ContentView.swift in Sources */ = {isa = PBXBuildFile; fileRef = 0BEC82D12BE2B9040023EEB3 /* ContentView.swift */; };
		0BEC82D42BE2B9080023EEB3 /* Assets.xcassets in Resources */ = {isa = PBXBuildFile; fileRef = 0BEC82D32BE2B9080023EEB3 /* Assets.xcassets */; };
		0BEC82D72BE2B9080023EEB3 /* Preview Assets.xcassets in Resources */ = {isa = PBXBuildFile; fileRef = 0BEC82D62BE2B9080023EEB3 /* Preview Assets.xcassets */; };
		0BEC82E12BE2B9080023EEB3 /* ChessAppTests.swift in Sources */ = {isa = PBXBuildFile; fileRef = 0BEC82E02BE2B9080023EEB3 /* ChessAppTests.swift */; };
		0BEC82EB2BE2B9080023EEB3 /* ChessAppUITests.swift in Sources */ = {isa = PBXBuildFile; fileRef = 0BEC82EA2BE2B9080023EEB3 /* ChessAppUITests.swift */; };
		0BEC82ED2BE2B9080023EEB3 /* ChessAppUITestsLaunchTests.swift in Sources */ = {isa = PBXBuildFile; fileRef = 0BEC82EC2BE2B9080023EEB3 /* ChessAppUITestsLaunchTests.swift */; };
		0BEC82FB2BE2B96C0023EEB3 /* DataSource.swift in Sources */ = {isa = PBXBuildFile; fileRef = 0BEC82FA2BE2B96C0023EEB3 /* DataSource.swift */; };
		0BEC82FD2BE2BAC40023EEB3 /* Transformer.swift in Sources */ = {isa = PBXBuildFile; fileRef = 0BEC82FC2BE2BAC40023EEB3 /* Transformer.swift */; };
		0BEC83012BE2BD7C0023EEB3 /* ChessProvider.swift in Sources */ = {isa = PBXBuildFile; fileRef = 0BEC83002BE2BD7C0023EEB3 /* ChessProvider.swift */; };
		0BEC83042BE2E73D0023EEB3 /* PlayerStatsViewModel.swift in Sources */ = {isa = PBXBuildFile; fileRef = 0BEC83032BE2E73D0023EEB3 /* PlayerStatsViewModel.swift */; };
		0BEC83072BE2E9D80023EEB3 /* PlayerStatsView.swift in Sources */ = {isa = PBXBuildFile; fileRef = 0BEC83062BE2E9D80023EEB3 /* PlayerStatsView.swift */; };
		0BEC830A2BE3B2660023EEB3 /* URL+Local.swift in Sources */ = {isa = PBXBuildFile; fileRef = 0BEC83092BE3B2660023EEB3 /* URL+Local.swift */; };
		0BF256102BE4448A00C4A0F1 /* response.json in Resources */ = {isa = PBXBuildFile; fileRef = 0BF2560F2BE4448A00C4A0F1 /* response.json */; };
/* End PBXBuildFile section */

/* Begin PBXContainerItemProxy section */
		0BEC82DD2BE2B9080023EEB3 /* PBXContainerItemProxy */ = {
			isa = PBXContainerItemProxy;
			containerPortal = 0BEC82C42BE2B9040023EEB3 /* Project object */;
			proxyType = 1;
			remoteGlobalIDString = 0BEC82CB2BE2B9040023EEB3;
			remoteInfo = AnimeApp;
		};
		0BEC82E72BE2B9080023EEB3 /* PBXContainerItemProxy */ = {
			isa = PBXContainerItemProxy;
			containerPortal = 0BEC82C42BE2B9040023EEB3 /* Project object */;
			proxyType = 1;
			remoteGlobalIDString = 0BEC82CB2BE2B9040023EEB3;
			remoteInfo = AnimeApp;
		};
/* End PBXContainerItemProxy section */

/* Begin PBXFileReference section */
		0BA2E6112BE7E92E00207333 /* PlayerStatsBannerView.swift */ = {isa = PBXFileReference; lastKnownFileType = sourcecode.swift; path = PlayerStatsBannerView.swift; sourceTree = "<group>"; };
		0BA2E6132BE7ECCB00207333 /* PlayerStatCard.swift */ = {isa = PBXFileReference; lastKnownFileType = sourcecode.swift; path = PlayerStatCard.swift; sourceTree = "<group>"; };
		0BEC82CC2BE2B9040023EEB3 /* ChessApp.app */ = {isa = PBXFileReference; explicitFileType = wrapper.application; includeInIndex = 0; path = ChessApp.app; sourceTree = BUILT_PRODUCTS_DIR; };
		0BEC82CF2BE2B9040023EEB3 /* ChessApp.swift */ = {isa = PBXFileReference; lastKnownFileType = sourcecode.swift; path = ChessApp.swift; sourceTree = "<group>"; };
		0BEC82D12BE2B9040023EEB3 /* ContentView.swift */ = {isa = PBXFileReference; lastKnownFileType = sourcecode.swift; path = ContentView.swift; sourceTree = "<group>"; };
		0BEC82D32BE2B9080023EEB3 /* Assets.xcassets */ = {isa = PBXFileReference; lastKnownFileType = folder.assetcatalog; path = Assets.xcassets; sourceTree = "<group>"; };
		0BEC82D62BE2B9080023EEB3 /* Preview Assets.xcassets */ = {isa = PBXFileReference; lastKnownFileType = folder.assetcatalog; path = "Preview Assets.xcassets"; sourceTree = "<group>"; };
		0BEC82DC2BE2B9080023EEB3 /* ChessAppTests.xctest */ = {isa = PBXFileReference; explicitFileType = wrapper.cfbundle; includeInIndex = 0; path = ChessAppTests.xctest; sourceTree = BUILT_PRODUCTS_DIR; };
		0BEC82E02BE2B9080023EEB3 /* ChessAppTests.swift */ = {isa = PBXFileReference; lastKnownFileType = sourcecode.swift; path = ChessAppTests.swift; sourceTree = "<group>"; };
		0BEC82E62BE2B9080023EEB3 /* ChessAppUITests.xctest */ = {isa = PBXFileReference; explicitFileType = wrapper.cfbundle; includeInIndex = 0; path = ChessAppUITests.xctest; sourceTree = BUILT_PRODUCTS_DIR; };
		0BEC82EA2BE2B9080023EEB3 /* ChessAppUITests.swift */ = {isa = PBXFileReference; lastKnownFileType = sourcecode.swift; path = ChessAppUITests.swift; sourceTree = "<group>"; };
		0BEC82EC2BE2B9080023EEB3 /* ChessAppUITestsLaunchTests.swift */ = {isa = PBXFileReference; lastKnownFileType = sourcecode.swift; path = ChessAppUITestsLaunchTests.swift; sourceTree = "<group>"; };
		0BEC82FA2BE2B96C0023EEB3 /* DataSource.swift */ = {isa = PBXFileReference; lastKnownFileType = sourcecode.swift; path = DataSource.swift; sourceTree = "<group>"; };
		0BEC82FC2BE2BAC40023EEB3 /* Transformer.swift */ = {isa = PBXFileReference; lastKnownFileType = sourcecode.swift; path = Transformer.swift; sourceTree = "<group>"; };
		0BEC83002BE2BD7C0023EEB3 /* ChessProvider.swift */ = {isa = PBXFileReference; lastKnownFileType = sourcecode.swift; path = ChessProvider.swift; sourceTree = "<group>"; };
		0BEC83032BE2E73D0023EEB3 /* PlayerStatsViewModel.swift */ = {isa = PBXFileReference; lastKnownFileType = sourcecode.swift; path = PlayerStatsViewModel.swift; sourceTree = "<group>"; };
		0BEC83062BE2E9D80023EEB3 /* PlayerStatsView.swift */ = {isa = PBXFileReference; lastKnownFileType = sourcecode.swift; path = PlayerStatsView.swift; sourceTree = "<group>"; };
		0BEC83092BE3B2660023EEB3 /* URL+Local.swift */ = {isa = PBXFileReference; lastKnownFileType = sourcecode.swift; path = "URL+Local.swift"; sourceTree = "<group>"; };
		0BF2560F2BE4448A00C4A0F1 /* response.json */ = {isa = PBXFileReference; fileEncoding = 4; lastKnownFileType = text.json; path = response.json; sourceTree = "<group>"; };
/* End PBXFileReference section */

/* Begin PBXFrameworksBuildPhase section */
		0BEC82C92BE2B9040023EEB3 /* Frameworks */ = {
			isa = PBXFrameworksBuildPhase;
			buildActionMask = 2147483647;
			files = (
				0B2288B42BE4471500069401 /* KZFileWatchers in Frameworks */,
			);
			runOnlyForDeploymentPostprocessing = 0;
		};
		0BEC82D92BE2B9080023EEB3 /* Frameworks */ = {
			isa = PBXFrameworksBuildPhase;
			buildActionMask = 2147483647;
			files = (
			);
			runOnlyForDeploymentPostprocessing = 0;
		};
		0BEC82E32BE2B9080023EEB3 /* Frameworks */ = {
			isa = PBXFrameworksBuildPhase;
			buildActionMask = 2147483647;
			files = (
			);
			runOnlyForDeploymentPostprocessing = 0;
		};
/* End PBXFrameworksBuildPhase section */

/* Begin PBXGroup section */
		0B2288B22BE4471500069401 /* Frameworks */ = {
			isa = PBXGroup;
			children = (
			);
			name = Frameworks;
			sourceTree = "<group>";
		};
		0BEC82C32BE2B9040023EEB3 = {
			isa = PBXGroup;
			children = (
				0BEC82CE2BE2B9040023EEB3 /* ChessApp */,
				0BEC82DF2BE2B9080023EEB3 /* ChessAppTests */,
				0BEC82E92BE2B9080023EEB3 /* ChessAppUITests */,
				0BEC82CD2BE2B9040023EEB3 /* Products */,
				0B2288B22BE4471500069401 /* Frameworks */,
			);
			sourceTree = "<group>";
		};
		0BEC82CD2BE2B9040023EEB3 /* Products */ = {
			isa = PBXGroup;
			children = (
				0BEC82CC2BE2B9040023EEB3 /* ChessApp.app */,
				0BEC82DC2BE2B9080023EEB3 /* ChessAppTests.xctest */,
				0BEC82E62BE2B9080023EEB3 /* ChessAppUITests.xctest */,
			);
			name = Products;
			sourceTree = "<group>";
		};
		0BEC82CE2BE2B9040023EEB3 /* ChessApp */ = {
			isa = PBXGroup;
			children = (
				0BF2560E2BE4430A00C4A0F1 /* Local */,
				0BEC83082BE3B23E0023EEB3 /* Utils */,
				0BEC82F92BE2B9530023EEB3 /* DataSources */,
				0BEC82FE2BE2BBE30023EEB3 /* Transformers */,
				0BEC82FF2BE2BD690023EEB3 /* Providers */,
				0BEC83022BE2E7260023EEB3 /* ViewModel */,
				0BEC83052BE2E9C80023EEB3 /* View */,
				0BEC82CF2BE2B9040023EEB3 /* ChessApp.swift */,
				0BEC82D12BE2B9040023EEB3 /* ContentView.swift */,
				0BEC82D32BE2B9080023EEB3 /* Assets.xcassets */,
				0BEC82D52BE2B9080023EEB3 /* Preview Content */,
			);
			path = ChessApp;
			sourceTree = "<group>";
		};
		0BEC82D52BE2B9080023EEB3 /* Preview Content */ = {
			isa = PBXGroup;
			children = (
				0BEC82D62BE2B9080023EEB3 /* Preview Assets.xcassets */,
			);
			path = "Preview Content";
			sourceTree = "<group>";
		};
		0BEC82DF2BE2B9080023EEB3 /* ChessAppTests */ = {
			isa = PBXGroup;
			children = (
				0BEC82E02BE2B9080023EEB3 /* ChessAppTests.swift */,
			);
			path = ChessAppTests;
			sourceTree = "<group>";
		};
		0BEC82E92BE2B9080023EEB3 /* ChessAppUITests */ = {
			isa = PBXGroup;
			children = (
				0BEC82EA2BE2B9080023EEB3 /* ChessAppUITests.swift */,
				0BEC82EC2BE2B9080023EEB3 /* ChessAppUITestsLaunchTests.swift */,
			);
			path = ChessAppUITests;
			sourceTree = "<group>";
		};
		0BEC82F92BE2B9530023EEB3 /* DataSources */ = {
			isa = PBXGroup;
			children = (
				0BEC82FA2BE2B96C0023EEB3 /* DataSource.swift */,
			);
			path = DataSources;
			sourceTree = "<group>";
		};
		0BEC82FE2BE2BBE30023EEB3 /* Transformers */ = {
			isa = PBXGroup;
			children = (
				0BEC82FC2BE2BAC40023EEB3 /* Transformer.swift */,
			);
			path = Transformers;
			sourceTree = "<group>";
		};
		0BEC82FF2BE2BD690023EEB3 /* Providers */ = {
			isa = PBXGroup;
			children = (
				0BEC83002BE2BD7C0023EEB3 /* ChessProvider.swift */,
			);
			path = Providers;
			sourceTree = "<group>";
		};
		0BEC83022BE2E7260023EEB3 /* ViewModel */ = {
			isa = PBXGroup;
			children = (
				0BEC83032BE2E73D0023EEB3 /* PlayerStatsViewModel.swift */,
			);
			path = ViewModel;
			sourceTree = "<group>";
		};
		0BEC83052BE2E9C80023EEB3 /* View */ = {
			isa = PBXGroup;
			children = (
				0BEC83062BE2E9D80023EEB3 /* PlayerStatsView.swift */,
				0BA2E6112BE7E92E00207333 /* PlayerStatsBannerView.swift */,
				0BA2E6132BE7ECCB00207333 /* PlayerStatCard.swift */,
			);
			path = View;
			sourceTree = "<group>";
		};
		0BEC83082BE3B23E0023EEB3 /* Utils */ = {
			isa = PBXGroup;
			children = (
				0BEC83092BE3B2660023EEB3 /* URL+Local.swift */,
			);
			path = Utils;
			sourceTree = "<group>";
		};
		0BF2560E2BE4430A00C4A0F1 /* Local */ = {
			isa = PBXGroup;
			children = (
				0BF2560F2BE4448A00C4A0F1 /* response.json */,
			);
			path = Local;
			sourceTree = "<group>";
		};
/* End PBXGroup section */

/* Begin PBXNativeTarget section */
		0BEC82CB2BE2B9040023EEB3 /* ChessApp */ = {
			isa = PBXNativeTarget;
			buildConfigurationList = 0BEC82F02BE2B9080023EEB3 /* Build configuration list for PBXNativeTarget "ChessApp" */;
			buildPhases = (
				0BEC82C82BE2B9040023EEB3 /* Sources */,
				0BEC82C92BE2B9040023EEB3 /* Frameworks */,
				0BEC82CA2BE2B9040023EEB3 /* Resources */,
			);
			buildRules = (
			);
			dependencies = (
			);
			name = ChessApp;
			packageProductDependencies = (
				0B2288B32BE4471500069401 /* KZFileWatchers */,
			);
			productName = AnimeApp;
			productReference = 0BEC82CC2BE2B9040023EEB3 /* ChessApp.app */;
			productType = "com.apple.product-type.application";
		};
		0BEC82DB2BE2B9080023EEB3 /* ChessAppTests */ = {
			isa = PBXNativeTarget;
			buildConfigurationList = 0BEC82F32BE2B9080023EEB3 /* Build configuration list for PBXNativeTarget "ChessAppTests" */;
			buildPhases = (
				0BEC82D82BE2B9080023EEB3 /* Sources */,
				0BEC82D92BE2B9080023EEB3 /* Frameworks */,
				0BEC82DA2BE2B9080023EEB3 /* Resources */,
			);
			buildRules = (
			);
			dependencies = (
				0BEC82DE2BE2B9080023EEB3 /* PBXTargetDependency */,
			);
			name = ChessAppTests;
			productName = AnimeAppTests;
			productReference = 0BEC82DC2BE2B9080023EEB3 /* ChessAppTests.xctest */;
			productType = "com.apple.product-type.bundle.unit-test";
		};
		0BEC82E52BE2B9080023EEB3 /* ChessAppUITests */ = {
			isa = PBXNativeTarget;
			buildConfigurationList = 0BEC82F62BE2B9080023EEB3 /* Build configuration list for PBXNativeTarget "ChessAppUITests" */;
			buildPhases = (
				0BEC82E22BE2B9080023EEB3 /* Sources */,
				0BEC82E32BE2B9080023EEB3 /* Frameworks */,
				0BEC82E42BE2B9080023EEB3 /* Resources */,
			);
			buildRules = (
			);
			dependencies = (
				0BEC82E82BE2B9080023EEB3 /* PBXTargetDependency */,
			);
			name = ChessAppUITests;
			productName = AnimeAppUITests;
			productReference = 0BEC82E62BE2B9080023EEB3 /* ChessAppUITests.xctest */;
			productType = "com.apple.product-type.bundle.ui-testing";
		};
/* End PBXNativeTarget section */

/* Begin PBXProject section */
		0BEC82C42BE2B9040023EEB3 /* Project object */ = {
			isa = PBXProject;
			attributes = {
				BuildIndependentTargetsInParallel = 1;
				LastSwiftUpdateCheck = 1530;
				LastUpgradeCheck = 1530;
				TargetAttributes = {
					0BEC82CB2BE2B9040023EEB3 = {
						CreatedOnToolsVersion = 15.3;
					};
					0BEC82DB2BE2B9080023EEB3 = {
						CreatedOnToolsVersion = 15.3;
						TestTargetID = 0BEC82CB2BE2B9040023EEB3;
					};
					0BEC82E52BE2B9080023EEB3 = {
						CreatedOnToolsVersion = 15.3;
						TestTargetID = 0BEC82CB2BE2B9040023EEB3;
					};
				};
			};
			buildConfigurationList = 0BEC82C72BE2B9040023EEB3 /* Build configuration list for PBXProject "ChessApp" */;
			compatibilityVersion = "Xcode 14.0";
			developmentRegion = en;
			hasScannedForEncodings = 0;
			knownRegions = (
				en,
				Base,
			);
			mainGroup = 0BEC82C32BE2B9040023EEB3;
			packageReferences = (
				0BF2560D2BE442E500C4A0F1 /* XCRemoteSwiftPackageReference "KZFileWatchers" */,
			);
			productRefGroup = 0BEC82CD2BE2B9040023EEB3 /* Products */;
			projectDirPath = "";
			projectRoot = "";
			targets = (
				0BEC82CB2BE2B9040023EEB3 /* ChessApp */,
				0BEC82DB2BE2B9080023EEB3 /* ChessAppTests */,
				0BEC82E52BE2B9080023EEB3 /* ChessAppUITests */,
			);
		};
/* End PBXProject section */

/* Begin PBXResourcesBuildPhase section */
		0BEC82CA2BE2B9040023EEB3 /* Resources */ = {
			isa = PBXResourcesBuildPhase;
			buildActionMask = 2147483647;
			files = (
				0BEC82D72BE2B9080023EEB3 /* Preview Assets.xcassets in Resources */,
				0BF256102BE4448A00C4A0F1 /* response.json in Resources */,
				0BEC82D42BE2B9080023EEB3 /* Assets.xcassets in Resources */,
			);
			runOnlyForDeploymentPostprocessing = 0;
		};
		0BEC82DA2BE2B9080023EEB3 /* Resources */ = {
			isa = PBXResourcesBuildPhase;
			buildActionMask = 2147483647;
			files = (
			);
			runOnlyForDeploymentPostprocessing = 0;
		};
		0BEC82E42BE2B9080023EEB3 /* Resources */ = {
			isa = PBXResourcesBuildPhase;
			buildActionMask = 2147483647;
			files = (
			);
			runOnlyForDeploymentPostprocessing = 0;
		};
/* End PBXResourcesBuildPhase section */

/* Begin PBXSourcesBuildPhase section */
		0BEC82C82BE2B9040023EEB3 /* Sources */ = {
			isa = PBXSourcesBuildPhase;
			buildActionMask = 2147483647;
			files = (
				0BEC82FB2BE2B96C0023EEB3 /* DataSource.swift in Sources */,
				0BEC82D22BE2B9040023EEB3 /* ContentView.swift in Sources */,
				0BEC82D02BE2B9040023EEB3 /* ChessApp.swift in Sources */,
				0BEC830A2BE3B2660023EEB3 /* URL+Local.swift in Sources */,
				0BA2E6122BE7E92E00207333 /* PlayerStatsBannerView.swift in Sources */,
				0BEC83042BE2E73D0023EEB3 /* PlayerStatsViewModel.swift in Sources */,
				0BEC83012BE2BD7C0023EEB3 /* ChessProvider.swift in Sources */,
				0BEC83072BE2E9D80023EEB3 /* PlayerStatsView.swift in Sources */,
				0BA2E6142BE7ECCB00207333 /* PlayerStatCard.swift in Sources */,
				0BEC82FD2BE2BAC40023EEB3 /* Transformer.swift in Sources */,
			);
			runOnlyForDeploymentPostprocessing = 0;
		};
		0BEC82D82BE2B9080023EEB3 /* Sources */ = {
			isa = PBXSourcesBuildPhase;
			buildActionMask = 2147483647;
			files = (
				0BEC82E12BE2B9080023EEB3 /* ChessAppTests.swift in Sources */,
			);
			runOnlyForDeploymentPostprocessing = 0;
		};
		0BEC82E22BE2B9080023EEB3 /* Sources */ = {
			isa = PBXSourcesBuildPhase;
			buildActionMask = 2147483647;
			files = (
				0BEC82ED2BE2B9080023EEB3 /* ChessAppUITestsLaunchTests.swift in Sources */,
				0BEC82EB2BE2B9080023EEB3 /* ChessAppUITests.swift in Sources */,
			);
			runOnlyForDeploymentPostprocessing = 0;
		};
/* End PBXSourcesBuildPhase section */

/* Begin PBXTargetDependency section */
		0BEC82DE2BE2B9080023EEB3 /* PBXTargetDependency */ = {
			isa = PBXTargetDependency;
			target = 0BEC82CB2BE2B9040023EEB3 /* ChessApp */;
			targetProxy = 0BEC82DD2BE2B9080023EEB3 /* PBXContainerItemProxy */;
		};
		0BEC82E82BE2B9080023EEB3 /* PBXTargetDependency */ = {
			isa = PBXTargetDependency;
			target = 0BEC82CB2BE2B9040023EEB3 /* ChessApp */;
			targetProxy = 0BEC82E72BE2B9080023EEB3 /* PBXContainerItemProxy */;
		};
/* End PBXTargetDependency section */

/* Begin XCBuildConfiguration section */
		0BEC82EE2BE2B9080023EEB3 /* Debug */ = {
			isa = XCBuildConfiguration;
			buildSettings = {
				ALWAYS_SEARCH_USER_PATHS = NO;
				ASSETCATALOG_COMPILER_GENERATE_SWIFT_ASSET_SYMBOL_EXTENSIONS = YES;
				CLANG_ANALYZER_NONNULL = YES;
				CLANG_ANALYZER_NUMBER_OBJECT_CONVERSION = YES_AGGRESSIVE;
				CLANG_CXX_LANGUAGE_STANDARD = "gnu++20";
				CLANG_ENABLE_MODULES = YES;
				CLANG_ENABLE_OBJC_ARC = YES;
				CLANG_ENABLE_OBJC_WEAK = YES;
				CLANG_WARN_BLOCK_CAPTURE_AUTORELEASING = YES;
				CLANG_WARN_BOOL_CONVERSION = YES;
				CLANG_WARN_COMMA = YES;
				CLANG_WARN_CONSTANT_CONVERSION = YES;
				CLANG_WARN_DEPRECATED_OBJC_IMPLEMENTATIONS = YES;
				CLANG_WARN_DIRECT_OBJC_ISA_USAGE = YES_ERROR;
				CLANG_WARN_DOCUMENTATION_COMMENTS = YES;
				CLANG_WARN_EMPTY_BODY = YES;
				CLANG_WARN_ENUM_CONVERSION = YES;
				CLANG_WARN_INFINITE_RECURSION = YES;
				CLANG_WARN_INT_CONVERSION = YES;
				CLANG_WARN_NON_LITERAL_NULL_CONVERSION = YES;
				CLANG_WARN_OBJC_IMPLICIT_RETAIN_SELF = YES;
				CLANG_WARN_OBJC_LITERAL_CONVERSION = YES;
				CLANG_WARN_OBJC_ROOT_CLASS = YES_ERROR;
				CLANG_WARN_QUOTED_INCLUDE_IN_FRAMEWORK_HEADER = YES;
				CLANG_WARN_RANGE_LOOP_ANALYSIS = YES;
				CLANG_WARN_STRICT_PROTOTYPES = YES;
				CLANG_WARN_SUSPICIOUS_MOVE = YES;
				CLANG_WARN_UNGUARDED_AVAILABILITY = YES_AGGRESSIVE;
				CLANG_WARN_UNREACHABLE_CODE = YES;
				CLANG_WARN__DUPLICATE_METHOD_MATCH = YES;
				COPY_PHASE_STRIP = NO;
				DEBUG_INFORMATION_FORMAT = dwarf;
				ENABLE_STRICT_OBJC_MSGSEND = YES;
				ENABLE_TESTABILITY = YES;
				ENABLE_USER_SCRIPT_SANDBOXING = YES;
				GCC_C_LANGUAGE_STANDARD = gnu17;
				GCC_DYNAMIC_NO_PIC = NO;
				GCC_NO_COMMON_BLOCKS = YES;
				GCC_OPTIMIZATION_LEVEL = 0;
				GCC_PREPROCESSOR_DEFINITIONS = (
					"DEBUG=1",
					"$(inherited)",
				);
				GCC_WARN_64_TO_32_BIT_CONVERSION = YES;
				GCC_WARN_ABOUT_RETURN_TYPE = YES_ERROR;
				GCC_WARN_UNDECLARED_SELECTOR = YES;
				GCC_WARN_UNINITIALIZED_AUTOS = YES_AGGRESSIVE;
				GCC_WARN_UNUSED_FUNCTION = YES;
				GCC_WARN_UNUSED_VARIABLE = YES;
				IPHONEOS_DEPLOYMENT_TARGET = 17.4;
				LOCALIZATION_PREFERS_STRING_CATALOGS = YES;
				MTL_ENABLE_DEBUG_INFO = INCLUDE_SOURCE;
				MTL_FAST_MATH = YES;
				ONLY_ACTIVE_ARCH = YES;
				SDKROOT = iphoneos;
				SWIFT_ACTIVE_COMPILATION_CONDITIONS = "DEBUG $(inherited)";
				SWIFT_OPTIMIZATION_LEVEL = "-Onone";
			};
			name = Debug;
		};
		0BEC82EF2BE2B9080023EEB3 /* Release */ = {
			isa = XCBuildConfiguration;
			buildSettings = {
				ALWAYS_SEARCH_USER_PATHS = NO;
				ASSETCATALOG_COMPILER_GENERATE_SWIFT_ASSET_SYMBOL_EXTENSIONS = YES;
				CLANG_ANALYZER_NONNULL = YES;
				CLANG_ANALYZER_NUMBER_OBJECT_CONVERSION = YES_AGGRESSIVE;
				CLANG_CXX_LANGUAGE_STANDARD = "gnu++20";
				CLANG_ENABLE_MODULES = YES;
				CLANG_ENABLE_OBJC_ARC = YES;
				CLANG_ENABLE_OBJC_WEAK = YES;
				CLANG_WARN_BLOCK_CAPTURE_AUTORELEASING = YES;
				CLANG_WARN_BOOL_CONVERSION = YES;
				CLANG_WARN_COMMA = YES;
				CLANG_WARN_CONSTANT_CONVERSION = YES;
				CLANG_WARN_DEPRECATED_OBJC_IMPLEMENTATIONS = YES;
				CLANG_WARN_DIRECT_OBJC_ISA_USAGE = YES_ERROR;
				CLANG_WARN_DOCUMENTATION_COMMENTS = YES;
				CLANG_WARN_EMPTY_BODY = YES;
				CLANG_WARN_ENUM_CONVERSION = YES;
				CLANG_WARN_INFINITE_RECURSION = YES;
				CLANG_WARN_INT_CONVERSION = YES;
				CLANG_WARN_NON_LITERAL_NULL_CONVERSION = YES;
				CLANG_WARN_OBJC_IMPLICIT_RETAIN_SELF = YES;
				CLANG_WARN_OBJC_LITERAL_CONVERSION = YES;
				CLANG_WARN_OBJC_ROOT_CLASS = YES_ERROR;
				CLANG_WARN_QUOTED_INCLUDE_IN_FRAMEWORK_HEADER = YES;
				CLANG_WARN_RANGE_LOOP_ANALYSIS = YES;
				CLANG_WARN_STRICT_PROTOTYPES = YES;
				CLANG_WARN_SUSPICIOUS_MOVE = YES;
				CLANG_WARN_UNGUARDED_AVAILABILITY = YES_AGGRESSIVE;
				CLANG_WARN_UNREACHABLE_CODE = YES;
				CLANG_WARN__DUPLICATE_METHOD_MATCH = YES;
				COPY_PHASE_STRIP = NO;
				DEBUG_INFORMATION_FORMAT = "dwarf-with-dsym";
				ENABLE_NS_ASSERTIONS = NO;
				ENABLE_STRICT_OBJC_MSGSEND = YES;
				ENABLE_USER_SCRIPT_SANDBOXING = YES;
				GCC_C_LANGUAGE_STANDARD = gnu17;
				GCC_NO_COMMON_BLOCKS = YES;
				GCC_WARN_64_TO_32_BIT_CONVERSION = YES;
				GCC_WARN_ABOUT_RETURN_TYPE = YES_ERROR;
				GCC_WARN_UNDECLARED_SELECTOR = YES;
				GCC_WARN_UNINITIALIZED_AUTOS = YES_AGGRESSIVE;
				GCC_WARN_UNUSED_FUNCTION = YES;
				GCC_WARN_UNUSED_VARIABLE = YES;
				IPHONEOS_DEPLOYMENT_TARGET = 17.4;
				LOCALIZATION_PREFERS_STRING_CATALOGS = YES;
				MTL_ENABLE_DEBUG_INFO = NO;
				MTL_FAST_MATH = YES;
				SDKROOT = iphoneos;
				SWIFT_COMPILATION_MODE = wholemodule;
				VALIDATE_PRODUCT = YES;
			};
			name = Release;
		};
		0BEC82F12BE2B9080023EEB3 /* Debug */ = {
			isa = XCBuildConfiguration;
			buildSettings = {
				ASSETCATALOG_COMPILER_APPICON_NAME = AppIcon;
				ASSETCATALOG_COMPILER_GLOBAL_ACCENT_COLOR_NAME = AccentColor;
				CODE_SIGN_STYLE = Automatic;
				CURRENT_PROJECT_VERSION = 1;
				DEVELOPMENT_ASSET_PATHS = "\"ChessApp/Preview Content\"";
				DEVELOPMENT_TEAM = AQ9U8877VF;
				ENABLE_PREVIEWS = YES;
				GENERATE_INFOPLIST_FILE = YES;
				INFOPLIST_KEY_UIApplicationSceneManifest_Generation = YES;
				INFOPLIST_KEY_UIApplicationSupportsIndirectInputEvents = YES;
				INFOPLIST_KEY_UILaunchScreen_Generation = YES;
				INFOPLIST_KEY_UISupportedInterfaceOrientations_iPad = "UIInterfaceOrientationPortrait UIInterfaceOrientationPortraitUpsideDown UIInterfaceOrientationLandscapeLeft UIInterfaceOrientationLandscapeRight";
				INFOPLIST_KEY_UISupportedInterfaceOrientations_iPhone = "UIInterfaceOrientationPortrait UIInterfaceOrientationLandscapeLeft UIInterfaceOrientationLandscapeRight";
				LD_RUNPATH_SEARCH_PATHS = (
					"$(inherited)",
					"@executable_path/Frameworks",
				);
				MARKETING_VERSION = 1.0;
				PRODUCT_BUNDLE_IDENTIFIER = mene.AnimeApp;
				PRODUCT_NAME = "$(TARGET_NAME)";
				SWIFT_EMIT_LOC_STRINGS = YES;
				SWIFT_VERSION = 5.0;
				TARGETED_DEVICE_FAMILY = "1,2";
			};
			name = Debug;
		};
		0BEC82F22BE2B9080023EEB3 /* Release */ = {
			isa = XCBuildConfiguration;
			buildSettings = {
				ASSETCATALOG_COMPILER_APPICON_NAME = AppIcon;
				ASSETCATALOG_COMPILER_GLOBAL_ACCENT_COLOR_NAME = AccentColor;
				CODE_SIGN_STYLE = Automatic;
				CURRENT_PROJECT_VERSION = 1;
				DEVELOPMENT_ASSET_PATHS = "\"ChessApp/Preview Content\"";
				DEVELOPMENT_TEAM = AQ9U8877VF;
				ENABLE_PREVIEWS = YES;
				GENERATE_INFOPLIST_FILE = YES;
				INFOPLIST_KEY_UIApplicationSceneManifest_Generation = YES;
				INFOPLIST_KEY_UIApplicationSupportsIndirectInputEvents = YES;
				INFOPLIST_KEY_UILaunchScreen_Generation = YES;
				INFOPLIST_KEY_UISupportedInterfaceOrientations_iPad = "UIInterfaceOrientationPortrait UIInterfaceOrientationPortraitUpsideDown UIInterfaceOrientationLandscapeLeft UIInterfaceOrientationLandscapeRight";
				INFOPLIST_KEY_UISupportedInterfaceOrientations_iPhone = "UIInterfaceOrientationPortrait UIInterfaceOrientationLandscapeLeft UIInterfaceOrientationLandscapeRight";
				LD_RUNPATH_SEARCH_PATHS = (
					"$(inherited)",
					"@executable_path/Frameworks",
				);
				MARKETING_VERSION = 1.0;
				PRODUCT_BUNDLE_IDENTIFIER = mene.AnimeApp;
				PRODUCT_NAME = "$(TARGET_NAME)";
				SWIFT_EMIT_LOC_STRINGS = YES;
				SWIFT_VERSION = 5.0;
				TARGETED_DEVICE_FAMILY = "1,2";
			};
			name = Release;
		};
		0BEC82F42BE2B9080023EEB3 /* Debug */ = {
			isa = XCBuildConfiguration;
			buildSettings = {
				ALWAYS_EMBED_SWIFT_STANDARD_LIBRARIES = YES;
				BUNDLE_LOADER = "$(TEST_HOST)";
				CODE_SIGN_STYLE = Automatic;
				CURRENT_PROJECT_VERSION = 1;
				DEVELOPMENT_TEAM = AQ9U8877VF;
				GENERATE_INFOPLIST_FILE = YES;
				IPHONEOS_DEPLOYMENT_TARGET = 17.4;
				MARKETING_VERSION = 1.0;
				PRODUCT_BUNDLE_IDENTIFIER = mene.AnimeAppTests;
				PRODUCT_NAME = "$(TARGET_NAME)";
				SWIFT_EMIT_LOC_STRINGS = NO;
				SWIFT_VERSION = 5.0;
				TARGETED_DEVICE_FAMILY = "1,2";
				TEST_HOST = "$(BUILT_PRODUCTS_DIR)/ChessApp.app/$(BUNDLE_EXECUTABLE_FOLDER_PATH)/ChessApp";
			};
			name = Debug;
		};
		0BEC82F52BE2B9080023EEB3 /* Release */ = {
			isa = XCBuildConfiguration;
			buildSettings = {
				ALWAYS_EMBED_SWIFT_STANDARD_LIBRARIES = YES;
				BUNDLE_LOADER = "$(TEST_HOST)";
				CODE_SIGN_STYLE = Automatic;
				CURRENT_PROJECT_VERSION = 1;
				DEVELOPMENT_TEAM = AQ9U8877VF;
				GENERATE_INFOPLIST_FILE = YES;
				IPHONEOS_DEPLOYMENT_TARGET = 17.4;
				MARKETING_VERSION = 1.0;
				PRODUCT_BUNDLE_IDENTIFIER = mene.AnimeAppTests;
				PRODUCT_NAME = "$(TARGET_NAME)";
				SWIFT_EMIT_LOC_STRINGS = NO;
				SWIFT_VERSION = 5.0;
				TARGETED_DEVICE_FAMILY = "1,2";
				TEST_HOST = "$(BUILT_PRODUCTS_DIR)/ChessApp.app/$(BUNDLE_EXECUTABLE_FOLDER_PATH)/ChessApp";
			};
			name = Release;
		};
		0BEC82F72BE2B9080023EEB3 /* Debug */ = {
			isa = XCBuildConfiguration;
			buildSettings = {
				ALWAYS_EMBED_SWIFT_STANDARD_LIBRARIES = YES;
				CODE_SIGN_STYLE = Automatic;
				CURRENT_PROJECT_VERSION = 1;
				DEVELOPMENT_TEAM = AQ9U8877VF;
				GENERATE_INFOPLIST_FILE = YES;
				MARKETING_VERSION = 1.0;
				PRODUCT_BUNDLE_IDENTIFIER = mene.AnimeAppUITests;
				PRODUCT_NAME = "$(TARGET_NAME)";
				SWIFT_EMIT_LOC_STRINGS = NO;
				SWIFT_VERSION = 5.0;
				TARGETED_DEVICE_FAMILY = "1,2";
				TEST_TARGET_NAME = AnimeApp;
			};
			name = Debug;
		};
		0BEC82F82BE2B9080023EEB3 /* Release */ = {
			isa = XCBuildConfiguration;
			buildSettings = {
				ALWAYS_EMBED_SWIFT_STANDARD_LIBRARIES = YES;
				CODE_SIGN_STYLE = Automatic;
				CURRENT_PROJECT_VERSION = 1;
				DEVELOPMENT_TEAM = AQ9U8877VF;
				GENERATE_INFOPLIST_FILE = YES;
				MARKETING_VERSION = 1.0;
				PRODUCT_BUNDLE_IDENTIFIER = mene.AnimeAppUITests;
				PRODUCT_NAME = "$(TARGET_NAME)";
				SWIFT_EMIT_LOC_STRINGS = NO;
				SWIFT_VERSION = 5.0;
				TARGETED_DEVICE_FAMILY = "1,2";
				TEST_TARGET_NAME = AnimeApp;
			};
			name = Release;
		};
/* End XCBuildConfiguration section */

/* Begin XCConfigurationList section */
		0BEC82C72BE2B9040023EEB3 /* Build configuration list for PBXProject "ChessApp" */ = {
			isa = XCConfigurationList;
			buildConfigurations = (
				0BEC82EE2BE2B9080023EEB3 /* Debug */,
				0BEC82EF2BE2B9080023EEB3 /* Release */,
			);
			defaultConfigurationIsVisible = 0;
			defaultConfigurationName = Release;
		};
		0BEC82F02BE2B9080023EEB3 /* Build configuration list for PBXNativeTarget "ChessApp" */ = {
			isa = XCConfigurationList;
			buildConfigurations = (
				0BEC82F12BE2B9080023EEB3 /* Debug */,
				0BEC82F22BE2B9080023EEB3 /* Release */,
			);
			defaultConfigurationIsVisible = 0;
			defaultConfigurationName = Release;
		};
		0BEC82F32BE2B9080023EEB3 /* Build configuration list for PBXNativeTarget "ChessAppTests" */ = {
			isa = XCConfigurationList;
			buildConfigurations = (
				0BEC82F42BE2B9080023EEB3 /* Debug */,
				0BEC82F52BE2B9080023EEB3 /* Release */,
			);
			defaultConfigurationIsVisible = 0;
			defaultConfigurationName = Release;
		};
		0BEC82F62BE2B9080023EEB3 /* Build configuration list for PBXNativeTarget "ChessAppUITests" */ = {
			isa = XCConfigurationList;
			buildConfigurations = (
				0BEC82F72BE2B9080023EEB3 /* Debug */,
				0BEC82F82BE2B9080023EEB3 /* Release */,
			);
			defaultConfigurationIsVisible = 0;
			defaultConfigurationName = Release;
		};
/* End XCConfigurationList section */

/* Begin XCRemoteSwiftPackageReference section */
		0BF2560D2BE442E500C4A0F1 /* XCRemoteSwiftPackageReference "KZFileWatchers" */ = {
			isa = XCRemoteSwiftPackageReference;
			repositoryURL = "https://github.com/krzysztofzablocki/KZFileWatchers.git";
			requirement = {
				kind = upToNextMajorVersion;
				minimumVersion = 1.2.0;
			};
		};
/* End XCRemoteSwiftPackageReference section */

/* Begin XCSwiftPackageProductDependency section */
		0B2288B32BE4471500069401 /* KZFileWatchers */ = {
			isa = XCSwiftPackageProductDependency;
			package = 0BF2560D2BE442E500C4A0F1 /* XCRemoteSwiftPackageReference "KZFileWatchers" */;
			productName = KZFileWatchers;
		};
/* End XCSwiftPackageProductDependency section */
	};
	rootObject = 0BEC82C42BE2B9040023EEB3 /* Project object */;
}
